
Microsoft Visual Studio Solution File, Format Version 12.00
# Visual Studio Version 17
VisualStudioVersion = 17.4.33213.308
MinimumVisualStudioVersion = 10.0.40219.1
Project("{FAE04EC0-301F-11D3-BF4B-00C04F79EFBC}") = "ejercicio1_corte2_algotitmosII", "ejercicio1_corte2_algotitmosII\ejercicio1_corte2_algotitmosII.csproj", "{562D102F-B895-4FB5-9021-D5D11A548959}"
EndProject
Global
	GlobalSection(SolutionConfigurationPlatforms) = preSolution
		Debug|Any CPU = Debug|Any CPU
		Release|Any CPU = Release|Any CPU
	EndGlobalSection
	GlobalSection(ProjectConfigurationPlatforms) = postSolution
		{562D102F-B895-4FB5-9021-D5D11A548959}.Debug|Any CPU.ActiveCfg = Debug|Any CPU
		{562D102F-B895-4FB5-9021-D5D11A548959}.Debug|Any CPU.Build.0 = Debug|Any CPU
		{562D102F-B895-4FB5-9021-D5D11A548959}.Release|Any CPU.ActiveCfg = Release|Any CPU
		{562D102F-B895-4FB5-9021-D5D11A548959}.Release|Any CPU.Build.0 = Release|Any CPU
	EndGlobalSection
	GlobalSection(SolutionProperties) = preSolution
		HideSolutionNode = FALSE
	EndGlobalSection
	GlobalSection(ExtensibilityGlobals) = postSolution
		SolutionGuid = {10AD6E07-628A-4A61-9AEF-10A42AA20C32}
	EndGlobalSection
EndGlobal
